
Microsoft Visual Studio Solution File, Format Version 12.00
# Visual Studio Version 17
VisualStudioVersion = 17.2.32602.215
MinimumVisualStudioVersion = 10.0.40219.1
Project("{FAE04EC0-301F-11D3-BF4B-00C04F79EFBC}") = "Traceko.Prototype", "Traceko.Prototype\Traceko.Prototype.csproj", "{595EF153-BDD7-416F-AAB2-E0D120366287}"
EndProject
Global
	GlobalSection(SolutionConfigurationPlatforms) = preSolution
		Debug|Any CPU = Debug|Any CPU
		Release|Any CPU = Release|Any CPU
	EndGlobalSection
	GlobalSection(ProjectConfigurationPlatforms) = postSolution
		{595EF153-BDD7-416F-AAB2-E0D120366287}.Debug|Any CPU.ActiveCfg = Debug|Any CPU
		{595EF153-BDD7-416F-AAB2-E0D120366287}.Debug|Any CPU.Build.0 = Debug|Any CPU
		{595EF153-BDD7-416F-AAB2-E0D120366287}.Release|Any CPU.ActiveCfg = Release|Any CPU
		{595EF153-BDD7-416F-AAB2-E0D120366287}.Release|Any CPU.Build.0 = Release|Any CPU
	EndGlobalSection
	GlobalSection(SolutionProperties) = preSolution
		HideSolutionNode = FALSE
	EndGlobalSection
	GlobalSection(ExtensibilityGlobals) = postSolution
		SolutionGuid = {8D2FBE3C-3285-4A2F-9ACD-301BDDE4430D}
	EndGlobalSection
EndGlobal
